// !$*UTF8*$!
{
	archiveVersion = 1;
	classes = {
	};
	objectVersion = 56;
	objects = {

/* Begin PBXBuildFile section */
		0817E7C92BF05B6A007AA78E /* StorageContext.swift in Sources */ = {isa = PBXBuildFile; fileRef = 0817E7C82BF05B6A007AA78E /* StorageContext.swift */; };
		0817E7CC2BF11DB2007AA78E /* Post.swift in Sources */ = {isa = PBXBuildFile; fileRef = 0817E7CB2BF11DB2007AA78E /* Post.swift */; };
		0817E7CF2BF11E48007AA78E /* PostModel.swift in Sources */ = {isa = PBXBuildFile; fileRef = 0817E7CE2BF11E48007AA78E /* PostModel.swift */; };
		0817E7D12BF11E81007AA78E /* String+ext.swift in Sources */ = {isa = PBXBuildFile; fileRef = 0817E7D02BF11E81007AA78E /* String+ext.swift */; };
		0817E7D52BF122E2007AA78E /* PostDTO.swift in Sources */ = {isa = PBXBuildFile; fileRef = 0817E7D42BF122E2007AA78E /* PostDTO.swift */; };
		0817E7D72BF125AA007AA78E /* MakePost.swift in Sources */ = {isa = PBXBuildFile; fileRef = 0817E7D62BF125AA007AA78E /* MakePost.swift */; };
		0817E7D92BF1287E007AA78E /* MakeComment.swift in Sources */ = {isa = PBXBuildFile; fileRef = 0817E7D82BF1287E007AA78E /* MakeComment.swift */; };
		0817E7DC2BF13EEE007AA78E /* PostApiGateway.swift in Sources */ = {isa = PBXBuildFile; fileRef = 0817E7DB2BF13EEE007AA78E /* PostApiGateway.swift */; };
		0817E7DF2BF13F3B007AA78E /* FetchPostsRequest.swift in Sources */ = {isa = PBXBuildFile; fileRef = 0817E7DE2BF13F3B007AA78E /* FetchPostsRequest.swift */; };
		0817E7E12BF1456E007AA78E /* FavoritePostModel.swift in Sources */ = {isa = PBXBuildFile; fileRef = 0817E7E02BF1456E007AA78E /* FavoritePostModel.swift */; };
		0817E7E42BF14BFD007AA78E /* PostUseCase.swift in Sources */ = {isa = PBXBuildFile; fileRef = 0817E7E32BF14BFD007AA78E /* PostUseCase.swift */; };
		082BDBC22BF03D10006D1B58 /* AppDelegate.swift in Sources */ = {isa = PBXBuildFile; fileRef = 082BDBC12BF03D10006D1B58 /* AppDelegate.swift */; };
		082BDBC42BF03D10006D1B58 /* SceneDelegate.swift in Sources */ = {isa = PBXBuildFile; fileRef = 082BDBC32BF03D10006D1B58 /* SceneDelegate.swift */; };
		082BDBC92BF03D10006D1B58 /* Main.storyboard in Resources */ = {isa = PBXBuildFile; fileRef = 082BDBC72BF03D10006D1B58 /* Main.storyboard */; };
		082BDBCB2BF03D11006D1B58 /* Assets.xcassets in Resources */ = {isa = PBXBuildFile; fileRef = 082BDBCA2BF03D11006D1B58 /* Assets.xcassets */; };
		082BDBCE2BF03D11006D1B58 /* LaunchScreen.storyboard in Resources */ = {isa = PBXBuildFile; fileRef = 082BDBCC2BF03D11006D1B58 /* LaunchScreen.storyboard */; };
		082BDBF42BF03DCE006D1B58 /* Localizable.strings in Resources */ = {isa = PBXBuildFile; fileRef = 082BDBF32BF03DCE006D1B58 /* Localizable.strings */; };
		082BDBF72BF03DDC006D1B58 /* loader.json in Resources */ = {isa = PBXBuildFile; fileRef = 082BDBF62BF03DDC006D1B58 /* loader.json */; };
		082BDBFC2BF03DF4006D1B58 /* Constants.swift in Sources */ = {isa = PBXBuildFile; fileRef = 082BDBFB2BF03DF4006D1B58 /* Constants.swift */; };
		082BDC022BF03E14006D1B58 /* UIVIewController+Ext.swift in Sources */ = {isa = PBXBuildFile; fileRef = 082BDC012BF03E14006D1B58 /* UIVIewController+Ext.swift */; };
		082BDC082BF03E35006D1B58 /* LoaderViewController.swift in Sources */ = {isa = PBXBuildFile; fileRef = 082BDC062BF03E35006D1B58 /* LoaderViewController.swift */; };
		082BDC092BF03E35006D1B58 /* LoaderViewController.xib in Resources */ = {isa = PBXBuildFile; fileRef = 082BDC072BF03E35006D1B58 /* LoaderViewController.xib */; };
		082BDC0D2BF03E49006D1B58 /* PostsViewController.swift in Sources */ = {isa = PBXBuildFile; fileRef = 082BDC0C2BF03E49006D1B58 /* PostsViewController.swift */; };
		082BDC122BF03F1E006D1B58 /* Lottie in Frameworks */ = {isa = PBXBuildFile; productRef = 082BDC112BF03F1E006D1B58 /* Lottie */; };
		082BDC152BF03F29006D1B58 /* Swinject in Frameworks */ = {isa = PBXBuildFile; productRef = 082BDC142BF03F29006D1B58 /* Swinject */; };
		082BDC202BF0458C006D1B58 /* ModuleManager.swift in Sources */ = {isa = PBXBuildFile; fileRef = 082BDC1F2BF0458C006D1B58 /* ModuleManager.swift */; };
		082BDC222BF045A3006D1B58 /* ToolsDependency.swift in Sources */ = {isa = PBXBuildFile; fileRef = 082BDC212BF045A3006D1B58 /* ToolsDependency.swift */; };
		082BDC262BF04771006D1B58 /* ApiError.swift in Sources */ = {isa = PBXBuildFile; fileRef = 082BDC252BF04771006D1B58 /* ApiError.swift */; };
		082BDC282BF047A7006D1B58 /* StringLocalized.swift in Sources */ = {isa = PBXBuildFile; fileRef = 082BDC272BF047A7006D1B58 /* StringLocalized.swift */; };
		082BDC2A2BF047DB006D1B58 /* ApiResponseProtocol.swift in Sources */ = {isa = PBXBuildFile; fileRef = 082BDC292BF047DB006D1B58 /* ApiResponseProtocol.swift */; };
		082BDC2C2BF047F4006D1B58 /* ApiClient.swift in Sources */ = {isa = PBXBuildFile; fileRef = 082BDC2B2BF047F4006D1B58 /* ApiClient.swift */; };
		082BDC2E2BF0480C006D1B58 /* ApiRequestProtocol.swift in Sources */ = {isa = PBXBuildFile; fileRef = 082BDC2D2BF0480C006D1B58 /* ApiRequestProtocol.swift */; };
		082BDC302BF04826006D1B58 /* RequestManager.swift in Sources */ = {isa = PBXBuildFile; fileRef = 082BDC2F2BF04826006D1B58 /* RequestManager.swift */; };
		082BDC322BF0484F006D1B58 /* ApiResult.swift in Sources */ = {isa = PBXBuildFile; fileRef = 082BDC312BF0484F006D1B58 /* ApiResult.swift */; };
		082BDC362BF04AD6006D1B58 /* PostTableViewCell.swift in Sources */ = {isa = PBXBuildFile; fileRef = 082BDC342BF04AD6006D1B58 /* PostTableViewCell.swift */; };
		082BDC372BF04AD6006D1B58 /* PostTableViewCell.xib in Resources */ = {isa = PBXBuildFile; fileRef = 082BDC352BF04AD6006D1B58 /* PostTableViewCell.xib */; };
		082BDC392BF04BAA006D1B58 /* Colors.xcassets in Resources */ = {isa = PBXBuildFile; fileRef = 082BDC382BF04BAA006D1B58 /* Colors.xcassets */; };
		08E4479D2BF151F900F1E6F7 /* FavoritesViewController.swift in Sources */ = {isa = PBXBuildFile; fileRef = 08E4479C2BF151F900F1E6F7 /* FavoritesViewController.swift */; };
		08E4479F2BF1531C00F1E6F7 /* UITableView+ext.swift in Sources */ = {isa = PBXBuildFile; fileRef = 08E4479E2BF1531C00F1E6F7 /* UITableView+ext.swift */; };
		08E447A12BF156DD00F1E6F7 /* Calendar+ext.swift in Sources */ = {isa = PBXBuildFile; fileRef = 08E447A02BF156DD00F1E6F7 /* Calendar+ext.swift */; };
		08E447A32BF1574400F1E6F7 /* Int+ext.swift in Sources */ = {isa = PBXBuildFile; fileRef = 08E447A22BF1574400F1E6F7 /* Int+ext.swift */; };
		08E447A72BF1912A00F1E6F7 /* CommentsViewController.swift in Sources */ = {isa = PBXBuildFile; fileRef = 08E447A52BF1912A00F1E6F7 /* CommentsViewController.swift */; };
		08E447A82BF1912A00F1E6F7 /* CommentsViewController.xib in Resources */ = {isa = PBXBuildFile; fileRef = 08E447A62BF1912A00F1E6F7 /* CommentsViewController.xib */; };
		08E447AA2BF191D400F1E6F7 /* UILabel+ext.swift in Sources */ = {isa = PBXBuildFile; fileRef = 08E447A92BF191D400F1E6F7 /* UILabel+ext.swift */; };
		08E447AC2BF1938700F1E6F7 /* UITextField+ext.swift in Sources */ = {isa = PBXBuildFile; fileRef = 08E447AB2BF1938700F1E6F7 /* UITextField+ext.swift */; };
		08E447B02BF1947300F1E6F7 /* CommentTableViewCell.swift in Sources */ = {isa = PBXBuildFile; fileRef = 08E447AE2BF1947300F1E6F7 /* CommentTableViewCell.swift */; };
		08E447B12BF1947300F1E6F7 /* CommentTableViewCell.xib in Resources */ = {isa = PBXBuildFile; fileRef = 08E447AF2BF1947300F1E6F7 /* CommentTableViewCell.xib */; };
		08E447B52BF19A5D00F1E6F7 /* NewPostViewController.swift in Sources */ = {isa = PBXBuildFile; fileRef = 08E447B32BF19A5D00F1E6F7 /* NewPostViewController.swift */; };
		08E447B62BF19A5D00F1E6F7 /* NewPostViewController.xib in Resources */ = {isa = PBXBuildFile; fileRef = 08E447B42BF19A5D00F1E6F7 /* NewPostViewController.xib */; };
		08E447B82BF19CA100F1E6F7 /* UIButton+ext.swift in Sources */ = {isa = PBXBuildFile; fileRef = 08E447B72BF19CA100F1E6F7 /* UIButton+ext.swift */; };
		08E447BA2BF19F1200F1E6F7 /* PostDependency.swift in Sources */ = {isa = PBXBuildFile; fileRef = 08E447B92BF19F1100F1E6F7 /* PostDependency.swift */; };
		08E447BC2BF1A2D500F1E6F7 /* AddNewPostRequest.swift in Sources */ = {isa = PBXBuildFile; fileRef = 08E447BB2BF1A2D500F1E6F7 /* AddNewPostRequest.swift */; };
		08E447BE2BF1A50E00F1E6F7 /* NewPostViewModel.swift in Sources */ = {isa = PBXBuildFile; fileRef = 08E447BD2BF1A50E00F1E6F7 /* NewPostViewModel.swift */; };
		08E447C02BF1AA8700F1E6F7 /* MakePostResponse.swift in Sources */ = {isa = PBXBuildFile; fileRef = 08E447BF2BF1AA8700F1E6F7 /* MakePostResponse.swift */; };
		08E447C22BF1B09300F1E6F7 /* UIImage+ext.swift in Sources */ = {isa = PBXBuildFile; fileRef = 08E447C12BF1B09300F1E6F7 /* UIImage+ext.swift */; };
		08E447C42BF1B15600F1E6F7 /* NewPostConfigurator.swift in Sources */ = {isa = PBXBuildFile; fileRef = 08E447C32BF1B15600F1E6F7 /* NewPostConfigurator.swift */; };
		08E447C62BF1C1ED00F1E6F7 /* UIVIew+ext.swift in Sources */ = {isa = PBXBuildFile; fileRef = 08E447C52BF1C1ED00F1E6F7 /* UIVIew+ext.swift */; };
		08E447C82BF1C21A00F1E6F7 /* UITextView+ext.swift in Sources */ = {isa = PBXBuildFile; fileRef = 08E447C72BF1C21A00F1E6F7 /* UITextView+ext.swift */; };
		08E447CA2BF1D73C00F1E6F7 /* PostsViewModel.swift in Sources */ = {isa = PBXBuildFile; fileRef = 08E447C92BF1D73C00F1E6F7 /* PostsViewModel.swift */; };
		08E447CC2BF1D9E100F1E6F7 /* PostsConfigurator.swift in Sources */ = {isa = PBXBuildFile; fileRef = 08E447CB2BF1D9E100F1E6F7 /* PostsConfigurator.swift */; };
		08E447CF2BF1F99400F1E6F7 /* SDWebImage in Frameworks */ = {isa = PBXBuildFile; productRef = 08E447CE2BF1F99400F1E6F7 /* SDWebImage */; };
		08E447D12BF2086500F1E6F7 /* CGFloat+ext.swift in Sources */ = {isa = PBXBuildFile; fileRef = 08E447D02BF2086500F1E6F7 /* CGFloat+ext.swift */; };
		08E447D32BF2088000F1E6F7 /* Double+ext.swift in Sources */ = {isa = PBXBuildFile; fileRef = 08E447D22BF2088000F1E6F7 /* Double+ext.swift */; };
		08E447D82BF20DF800F1E6F7 /* Date+Ext.swift in Sources */ = {isa = PBXBuildFile; fileRef = 08E447D72BF20DF800F1E6F7 /* Date+Ext.swift */; };
		08E447DA2BF211C100F1E6F7 /* AddNewCommentRequest.swift in Sources */ = {isa = PBXBuildFile; fileRef = 08E447D92BF211C100F1E6F7 /* AddNewCommentRequest.swift */; };
		08E447DC2BF213D200F1E6F7 /* CommentsViewModel.swift in Sources */ = {isa = PBXBuildFile; fileRef = 08E447DB2BF213D200F1E6F7 /* CommentsViewModel.swift */; };
		08E447DE2BF2162300F1E6F7 /* CommentsConfigurator.swift in Sources */ = {isa = PBXBuildFile; fileRef = 08E447DD2BF2162300F1E6F7 /* CommentsConfigurator.swift */; };
		08E447E12BF218B900F1E6F7 /* IQKeyboardManagerSwift in Frameworks */ = {isa = PBXBuildFile; productRef = 08E447E02BF218B900F1E6F7 /* IQKeyboardManagerSwift */; };
		08E447E32BF21AEA00F1E6F7 /* AddLikeToComment.swift in Sources */ = {isa = PBXBuildFile; fileRef = 08E447E22BF21AEA00F1E6F7 /* AddLikeToComment.swift */; };
		08E447E52BF21B1900F1E6F7 /* AddLikeToCommentRequest.swift in Sources */ = {isa = PBXBuildFile; fileRef = 08E447E42BF21B1900F1E6F7 /* AddLikeToCommentRequest.swift */; };
		08E447E72BF21C7900F1E6F7 /* CommentIdentity.swift in Sources */ = {isa = PBXBuildFile; fileRef = 08E447E62BF21C7900F1E6F7 /* CommentIdentity.swift */; };
		08E447E92BF21FD000F1E6F7 /* FavoritesViewModel.swift in Sources */ = {isa = PBXBuildFile; fileRef = 08E447E82BF21FD000F1E6F7 /* FavoritesViewModel.swift */; };
		08E447EB2BF223C600F1E6F7 /* FavoritesConfigurator.swift in Sources */ = {isa = PBXBuildFile; fileRef = 08E447EA2BF223C600F1E6F7 /* FavoritesConfigurator.swift */; };
		08E448072BF23AD900F1E6F7 /* TripTrackerTests.swift in Sources */ = {isa = PBXBuildFile; fileRef = 08E448062BF23AD900F1E6F7 /* TripTrackerTests.swift */; };
		08E448162BF23F3C00F1E6F7 /* RealmSwift in Frameworks */ = {isa = PBXBuildFile; productRef = 08E448152BF23F3C00F1E6F7 /* RealmSwift */; };
		08E448182BF23F5C00F1E6F7 /* RealmSwift in Frameworks */ = {isa = PBXBuildFile; productRef = 08E448172BF23F5C00F1E6F7 /* RealmSwift */; };
		08E4481A2BF23FEB00F1E6F7 /* TripTrackerBaseTest.swift in Sources */ = {isa = PBXBuildFile; fileRef = 08E448192BF23FEB00F1E6F7 /* TripTrackerBaseTest.swift */; };
/* End PBXBuildFile section */

/* Begin PBXContainerItemProxy section */
		08E448082BF23AD900F1E6F7 /* PBXContainerItemProxy */ = {
			isa = PBXContainerItemProxy;
			containerPortal = 082BDBB62BF03D10006D1B58 /* Project object */;
			proxyType = 1;
			remoteGlobalIDString = 082BDBBD2BF03D10006D1B58;
			remoteInfo = TripTracker;
		};
/* End PBXContainerItemProxy section */

/* Begin PBXCopyFilesBuildPhase section */
		08E448132BF23DCD00F1E6F7 /* Embed Frameworks */ = {
			isa = PBXCopyFilesBuildPhase;
			buildActionMask = 2147483647;
			dstPath = "";
			dstSubfolderSpec = 10;
			files = (
			);
			name = "Embed Frameworks";
			runOnlyForDeploymentPostprocessing = 0;
		};
/* End PBXCopyFilesBuildPhase section */

/* Begin PBXFileReference section */
		0817E7C82BF05B6A007AA78E /* StorageContext.swift */ = {isa = PBXFileReference; lastKnownFileType = sourcecode.swift; path = StorageContext.swift; sourceTree = "<group>"; };
		0817E7CB2BF11DB2007AA78E /* Post.swift */ = {isa = PBXFileReference; lastKnownFileType = sourcecode.swift; path = Post.swift; sourceTree = "<group>"; };
		0817E7CE2BF11E48007AA78E /* PostModel.swift */ = {isa = PBXFileReference; lastKnownFileType = sourcecode.swift; path = PostModel.swift; sourceTree = "<group>"; };
		0817E7D02BF11E81007AA78E /* String+ext.swift */ = {isa = PBXFileReference; lastKnownFileType = sourcecode.swift; path = "String+ext.swift"; sourceTree = "<group>"; };
		0817E7D42BF122E2007AA78E /* PostDTO.swift */ = {isa = PBXFileReference; lastKnownFileType = sourcecode.swift; path = PostDTO.swift; sourceTree = "<group>"; };
		0817E7D62BF125AA007AA78E /* MakePost.swift */ = {isa = PBXFileReference; lastKnownFileType = sourcecode.swift; path = MakePost.swift; sourceTree = "<group>"; };
		0817E7D82BF1287E007AA78E /* MakeComment.swift */ = {isa = PBXFileReference; lastKnownFileType = sourcecode.swift; path = MakeComment.swift; sourceTree = "<group>"; };
		0817E7DB2BF13EEE007AA78E /* PostApiGateway.swift */ = {isa = PBXFileReference; lastKnownFileType = sourcecode.swift; path = PostApiGateway.swift; sourceTree = "<group>"; };
		0817E7DE2BF13F3B007AA78E /* FetchPostsRequest.swift */ = {isa = PBXFileReference; lastKnownFileType = sourcecode.swift; path = FetchPostsRequest.swift; sourceTree = "<group>"; };
		0817E7E02BF1456E007AA78E /* FavoritePostModel.swift */ = {isa = PBXFileReference; lastKnownFileType = sourcecode.swift; path = FavoritePostModel.swift; sourceTree = "<group>"; };
		0817E7E32BF14BFD007AA78E /* PostUseCase.swift */ = {isa = PBXFileReference; lastKnownFileType = sourcecode.swift; path = PostUseCase.swift; sourceTree = "<group>"; };
		082BDBBE2BF03D10006D1B58 /* TripTracker.app */ = {isa = PBXFileReference; explicitFileType = wrapper.application; includeInIndex = 0; path = TripTracker.app; sourceTree = BUILT_PRODUCTS_DIR; };
		082BDBC12BF03D10006D1B58 /* AppDelegate.swift */ = {isa = PBXFileReference; lastKnownFileType = sourcecode.swift; path = AppDelegate.swift; sourceTree = "<group>"; };
		082BDBC32BF03D10006D1B58 /* SceneDelegate.swift */ = {isa = PBXFileReference; lastKnownFileType = sourcecode.swift; path = SceneDelegate.swift; sourceTree = "<group>"; };
		082BDBC82BF03D10006D1B58 /* Base */ = {isa = PBXFileReference; lastKnownFileType = file.storyboard; name = Base; path = Base.lproj/Main.storyboard; sourceTree = "<group>"; };
		082BDBCA2BF03D11006D1B58 /* Assets.xcassets */ = {isa = PBXFileReference; lastKnownFileType = folder.assetcatalog; path = Assets.xcassets; sourceTree = "<group>"; };
		082BDBCD2BF03D11006D1B58 /* Base */ = {isa = PBXFileReference; lastKnownFileType = file.storyboard; name = Base; path = Base.lproj/LaunchScreen.storyboard; sourceTree = "<group>"; };
		082BDBCF2BF03D11006D1B58 /* Info.plist */ = {isa = PBXFileReference; lastKnownFileType = text.plist.xml; path = Info.plist; sourceTree = "<group>"; };
		082BDBF32BF03DCE006D1B58 /* Localizable.strings */ = {isa = PBXFileReference; lastKnownFileType = text.plist.strings; path = Localizable.strings; sourceTree = "<group>"; };
		082BDBF62BF03DDC006D1B58 /* loader.json */ = {isa = PBXFileReference; fileEncoding = 4; lastKnownFileType = text.json; path = loader.json; sourceTree = "<group>"; };
		082BDBFB2BF03DF4006D1B58 /* Constants.swift */ = {isa = PBXFileReference; lastKnownFileType = sourcecode.swift; path = Constants.swift; sourceTree = "<group>"; };
		082BDC012BF03E14006D1B58 /* UIVIewController+Ext.swift */ = {isa = PBXFileReference; lastKnownFileType = sourcecode.swift; path = "UIVIewController+Ext.swift"; sourceTree = "<group>"; };
		082BDC062BF03E35006D1B58 /* LoaderViewController.swift */ = {isa = PBXFileReference; lastKnownFileType = sourcecode.swift; path = LoaderViewController.swift; sourceTree = "<group>"; };
		082BDC072BF03E35006D1B58 /* LoaderViewController.xib */ = {isa = PBXFileReference; lastKnownFileType = file.xib; path = LoaderViewController.xib; sourceTree = "<group>"; };
		082BDC0C2BF03E49006D1B58 /* PostsViewController.swift */ = {isa = PBXFileReference; lastKnownFileType = sourcecode.swift; path = PostsViewController.swift; sourceTree = "<group>"; };
		082BDC1F2BF0458C006D1B58 /* ModuleManager.swift */ = {isa = PBXFileReference; lastKnownFileType = sourcecode.swift; path = ModuleManager.swift; sourceTree = "<group>"; };
		082BDC212BF045A3006D1B58 /* ToolsDependency.swift */ = {isa = PBXFileReference; lastKnownFileType = sourcecode.swift; path = ToolsDependency.swift; sourceTree = "<group>"; };
		082BDC252BF04771006D1B58 /* ApiError.swift */ = {isa = PBXFileReference; lastKnownFileType = sourcecode.swift; path = ApiError.swift; sourceTree = "<group>"; };
		082BDC272BF047A7006D1B58 /* StringLocalized.swift */ = {isa = PBXFileReference; lastKnownFileType = sourcecode.swift; path = StringLocalized.swift; sourceTree = "<group>"; };
		082BDC292BF047DB006D1B58 /* ApiResponseProtocol.swift */ = {isa = PBXFileReference; lastKnownFileType = sourcecode.swift; path = ApiResponseProtocol.swift; sourceTree = "<group>"; };
		082BDC2B2BF047F4006D1B58 /* ApiClient.swift */ = {isa = PBXFileReference; lastKnownFileType = sourcecode.swift; path = ApiClient.swift; sourceTree = "<group>"; };
		082BDC2D2BF0480C006D1B58 /* ApiRequestProtocol.swift */ = {isa = PBXFileReference; lastKnownFileType = sourcecode.swift; path = ApiRequestProtocol.swift; sourceTree = "<group>"; };
		082BDC2F2BF04826006D1B58 /* RequestManager.swift */ = {isa = PBXFileReference; lastKnownFileType = sourcecode.swift; path = RequestManager.swift; sourceTree = "<group>"; };
		082BDC312BF0484F006D1B58 /* ApiResult.swift */ = {isa = PBXFileReference; lastKnownFileType = sourcecode.swift; path = ApiResult.swift; sourceTree = "<group>"; };
		082BDC342BF04AD6006D1B58 /* PostTableViewCell.swift */ = {isa = PBXFileReference; lastKnownFileType = sourcecode.swift; path = PostTableViewCell.swift; sourceTree = "<group>"; };
		082BDC352BF04AD6006D1B58 /* PostTableViewCell.xib */ = {isa = PBXFileReference; lastKnownFileType = file.xib; path = PostTableViewCell.xib; sourceTree = "<group>"; };
		082BDC382BF04BAA006D1B58 /* Colors.xcassets */ = {isa = PBXFileReference; lastKnownFileType = folder.assetcatalog; path = Colors.xcassets; sourceTree = "<group>"; };
		08C94B8E2BF24E0600C9EEDF /* TripTracker.xctestplan */ = {isa = PBXFileReference; lastKnownFileType = text; path = TripTracker.xctestplan; sourceTree = "<group>"; };
		08C94B8F2BF2509E00C9EEDF /* TripTracker.xctestplan */ = {isa = PBXFileReference; lastKnownFileType = text; path = TripTracker.xctestplan; sourceTree = "<group>"; };
		08E4479C2BF151F900F1E6F7 /* FavoritesViewController.swift */ = {isa = PBXFileReference; lastKnownFileType = sourcecode.swift; path = FavoritesViewController.swift; sourceTree = "<group>"; };
		08E4479E2BF1531C00F1E6F7 /* UITableView+ext.swift */ = {isa = PBXFileReference; lastKnownFileType = sourcecode.swift; path = "UITableView+ext.swift"; sourceTree = "<group>"; };
		08E447A02BF156DD00F1E6F7 /* Calendar+ext.swift */ = {isa = PBXFileReference; lastKnownFileType = sourcecode.swift; path = "Calendar+ext.swift"; sourceTree = "<group>"; };
		08E447A22BF1574400F1E6F7 /* Int+ext.swift */ = {isa = PBXFileReference; lastKnownFileType = sourcecode.swift; path = "Int+ext.swift"; sourceTree = "<group>"; };
		08E447A52BF1912A00F1E6F7 /* CommentsViewController.swift */ = {isa = PBXFileReference; lastKnownFileType = sourcecode.swift; path = CommentsViewController.swift; sourceTree = "<group>"; };
		08E447A62BF1912A00F1E6F7 /* CommentsViewController.xib */ = {isa = PBXFileReference; lastKnownFileType = file.xib; path = CommentsViewController.xib; sourceTree = "<group>"; };
		08E447A92BF191D400F1E6F7 /* UILabel+ext.swift */ = {isa = PBXFileReference; lastKnownFileType = sourcecode.swift; path = "UILabel+ext.swift"; sourceTree = "<group>"; };
		08E447AB2BF1938700F1E6F7 /* UITextField+ext.swift */ = {isa = PBXFileReference; lastKnownFileType = sourcecode.swift; path = "UITextField+ext.swift"; sourceTree = "<group>"; };
		08E447AE2BF1947300F1E6F7 /* CommentTableViewCell.swift */ = {isa = PBXFileReference; lastKnownFileType = sourcecode.swift; path = CommentTableViewCell.swift; sourceTree = "<group>"; };
		08E447AF2BF1947300F1E6F7 /* CommentTableViewCell.xib */ = {isa = PBXFileReference; lastKnownFileType = file.xib; path = CommentTableViewCell.xib; sourceTree = "<group>"; };
		08E447B32BF19A5D00F1E6F7 /* NewPostViewController.swift */ = {isa = PBXFileReference; lastKnownFileType = sourcecode.swift; path = NewPostViewController.swift; sourceTree = "<group>"; };
		08E447B42BF19A5D00F1E6F7 /* NewPostViewController.xib */ = {isa = PBXFileReference; lastKnownFileType = file.xib; path = NewPostViewController.xib; sourceTree = "<group>"; };
		08E447B72BF19CA100F1E6F7 /* UIButton+ext.swift */ = {isa = PBXFileReference; lastKnownFileType = sourcecode.swift; path = "UIButton+ext.swift"; sourceTree = "<group>"; };
		08E447B92BF19F1100F1E6F7 /* PostDependency.swift */ = {isa = PBXFileReference; lastKnownFileType = sourcecode.swift; path = PostDependency.swift; sourceTree = "<group>"; };
		08E447BB2BF1A2D500F1E6F7 /* AddNewPostRequest.swift */ = {isa = PBXFileReference; lastKnownFileType = sourcecode.swift; path = AddNewPostRequest.swift; sourceTree = "<group>"; };
		08E447BD2BF1A50E00F1E6F7 /* NewPostViewModel.swift */ = {isa = PBXFileReference; lastKnownFileType = sourcecode.swift; path = NewPostViewModel.swift; sourceTree = "<group>"; };
		08E447BF2BF1AA8700F1E6F7 /* MakePostResponse.swift */ = {isa = PBXFileReference; lastKnownFileType = sourcecode.swift; path = MakePostResponse.swift; sourceTree = "<group>"; };
		08E447C12BF1B09300F1E6F7 /* UIImage+ext.swift */ = {isa = PBXFileReference; lastKnownFileType = sourcecode.swift; path = "UIImage+ext.swift"; sourceTree = "<group>"; };
		08E447C32BF1B15600F1E6F7 /* NewPostConfigurator.swift */ = {isa = PBXFileReference; lastKnownFileType = sourcecode.swift; path = NewPostConfigurator.swift; sourceTree = "<group>"; };
		08E447C52BF1C1ED00F1E6F7 /* UIVIew+ext.swift */ = {isa = PBXFileReference; lastKnownFileType = sourcecode.swift; path = "UIVIew+ext.swift"; sourceTree = "<group>"; };
		08E447C72BF1C21A00F1E6F7 /* UITextView+ext.swift */ = {isa = PBXFileReference; lastKnownFileType = sourcecode.swift; path = "UITextView+ext.swift"; sourceTree = "<group>"; };
		08E447C92BF1D73C00F1E6F7 /* PostsViewModel.swift */ = {isa = PBXFileReference; lastKnownFileType = sourcecode.swift; path = PostsViewModel.swift; sourceTree = "<group>"; };
		08E447CB2BF1D9E100F1E6F7 /* PostsConfigurator.swift */ = {isa = PBXFileReference; lastKnownFileType = sourcecode.swift; path = PostsConfigurator.swift; sourceTree = "<group>"; };
		08E447D02BF2086500F1E6F7 /* CGFloat+ext.swift */ = {isa = PBXFileReference; lastKnownFileType = sourcecode.swift; path = "CGFloat+ext.swift"; sourceTree = "<group>"; };
		08E447D22BF2088000F1E6F7 /* Double+ext.swift */ = {isa = PBXFileReference; lastKnownFileType = sourcecode.swift; path = "Double+ext.swift"; sourceTree = "<group>"; };
		08E447D72BF20DF800F1E6F7 /* Date+Ext.swift */ = {isa = PBXFileReference; lastKnownFileType = sourcecode.swift; path = "Date+Ext.swift"; sourceTree = "<group>"; };
		08E447D92BF211C100F1E6F7 /* AddNewCommentRequest.swift */ = {isa = PBXFileReference; lastKnownFileType = sourcecode.swift; path = AddNewCommentRequest.swift; sourceTree = "<group>"; };
		08E447DB2BF213D200F1E6F7 /* CommentsViewModel.swift */ = {isa = PBXFileReference; lastKnownFileType = sourcecode.swift; path = CommentsViewModel.swift; sourceTree = "<group>"; };
		08E447DD2BF2162300F1E6F7 /* CommentsConfigurator.swift */ = {isa = PBXFileReference; lastKnownFileType = sourcecode.swift; path = CommentsConfigurator.swift; sourceTree = "<group>"; };
		08E447E22BF21AEA00F1E6F7 /* AddLikeToComment.swift */ = {isa = PBXFileReference; lastKnownFileType = sourcecode.swift; path = AddLikeToComment.swift; sourceTree = "<group>"; };
		08E447E42BF21B1900F1E6F7 /* AddLikeToCommentRequest.swift */ = {isa = PBXFileReference; lastKnownFileType = sourcecode.swift; path = AddLikeToCommentRequest.swift; sourceTree = "<group>"; };
		08E447E62BF21C7900F1E6F7 /* CommentIdentity.swift */ = {isa = PBXFileReference; lastKnownFileType = sourcecode.swift; path = CommentIdentity.swift; sourceTree = "<group>"; };
		08E447E82BF21FD000F1E6F7 /* FavoritesViewModel.swift */ = {isa = PBXFileReference; lastKnownFileType = sourcecode.swift; path = FavoritesViewModel.swift; sourceTree = "<group>"; };
		08E447EA2BF223C600F1E6F7 /* FavoritesConfigurator.swift */ = {isa = PBXFileReference; lastKnownFileType = sourcecode.swift; path = FavoritesConfigurator.swift; sourceTree = "<group>"; };
		08E448042BF23AD900F1E6F7 /* TripTrackerTests.xctest */ = {isa = PBXFileReference; explicitFileType = wrapper.cfbundle; includeInIndex = 0; path = TripTrackerTests.xctest; sourceTree = BUILT_PRODUCTS_DIR; };
		08E448062BF23AD900F1E6F7 /* TripTrackerTests.swift */ = {isa = PBXFileReference; lastKnownFileType = sourcecode.swift; path = TripTrackerTests.swift; sourceTree = "<group>"; };
		08E448192BF23FEB00F1E6F7 /* TripTrackerBaseTest.swift */ = {isa = PBXFileReference; lastKnownFileType = sourcecode.swift; path = TripTrackerBaseTest.swift; sourceTree = "<group>"; };
/* End PBXFileReference section */

/* Begin PBXFrameworksBuildPhase section */
		082BDBBB2BF03D10006D1B58 /* Frameworks */ = {
			isa = PBXFrameworksBuildPhase;
			buildActionMask = 2147483647;
			files = (
				08E447E12BF218B900F1E6F7 /* IQKeyboardManagerSwift in Frameworks */,
				082BDC122BF03F1E006D1B58 /* Lottie in Frameworks */,
				08E447CF2BF1F99400F1E6F7 /* SDWebImage in Frameworks */,
				08E448182BF23F5C00F1E6F7 /* RealmSwift in Frameworks */,
				082BDC152BF03F29006D1B58 /* Swinject in Frameworks */,
			);
			runOnlyForDeploymentPostprocessing = 0;
		};
		08E448012BF23AD900F1E6F7 /* Frameworks */ = {
			isa = PBXFrameworksBuildPhase;
			buildActionMask = 2147483647;
			files = (
				08E448162BF23F3C00F1E6F7 /* RealmSwift in Frameworks */,
			);
			runOnlyForDeploymentPostprocessing = 0;
		};
/* End PBXFrameworksBuildPhase section */

/* Begin PBXGroup section */
		0817E7C72BF05B59007AA78E /* StorageContext */ = {
			isa = PBXGroup;
			children = (
				0817E7C82BF05B6A007AA78E /* StorageContext.swift */,
			);
			path = StorageContext;
			sourceTree = "<group>";
		};
		0817E7CA2BF11DA2007AA78E /* Entities */ = {
			isa = PBXGroup;
			children = (
				0817E7CB2BF11DB2007AA78E /* Post.swift */,
				0817E7D62BF125AA007AA78E /* MakePost.swift */,
				0817E7D82BF1287E007AA78E /* MakeComment.swift */,
				08E447BF2BF1AA8700F1E6F7 /* MakePostResponse.swift */,
				08E447E22BF21AEA00F1E6F7 /* AddLikeToComment.swift */,
				08E447E62BF21C7900F1E6F7 /* CommentIdentity.swift */,
			);
			path = Entities;
			sourceTree = "<group>";
		};
		0817E7CD2BF11E3A007AA78E /* Models */ = {
			isa = PBXGroup;
			children = (
				0817E7CE2BF11E48007AA78E /* PostModel.swift */,
				0817E7E02BF1456E007AA78E /* FavoritePostModel.swift */,
			);
			path = Models;
			sourceTree = "<group>";
		};
		0817E7D22BF122D2007AA78E /* Domain */ = {
			isa = PBXGroup;
			children = (
				0817E7E22BF14BF2007AA78E /* UseCases */,
				0817E7D32BF122DA007AA78E /* DTOs */,
			);
			path = Domain;
			sourceTree = "<group>";
		};
		0817E7D32BF122DA007AA78E /* DTOs */ = {
			isa = PBXGroup;
			children = (
				0817E7D42BF122E2007AA78E /* PostDTO.swift */,
			);
			path = DTOs;
			sourceTree = "<group>";
		};
		0817E7DA2BF13EC0007AA78E /* Gateways */ = {
			isa = PBXGroup;
			children = (
				0817E7DB2BF13EEE007AA78E /* PostApiGateway.swift */,
			);
			path = Gateways;
			sourceTree = "<group>";
		};
		0817E7DD2BF13F2A007AA78E /* Requests */ = {
			isa = PBXGroup;
			children = (
				0817E7DE2BF13F3B007AA78E /* FetchPostsRequest.swift */,
				08E447BB2BF1A2D500F1E6F7 /* AddNewPostRequest.swift */,
				08E447D92BF211C100F1E6F7 /* AddNewCommentRequest.swift */,
				08E447E42BF21B1900F1E6F7 /* AddLikeToCommentRequest.swift */,
			);
			path = Requests;
			sourceTree = "<group>";
		};
		0817E7E22BF14BF2007AA78E /* UseCases */ = {
			isa = PBXGroup;
			children = (
				0817E7E32BF14BFD007AA78E /* PostUseCase.swift */,
			);
			path = UseCases;
			sourceTree = "<group>";
		};
		082BDBB52BF03D10006D1B58 = {
			isa = PBXGroup;
			children = (
				08C94B8F2BF2509E00C9EEDF /* TripTracker.xctestplan */,
				08C94B8E2BF24E0600C9EEDF /* TripTracker.xctestplan */,
				082BDBC02BF03D10006D1B58 /* TripTracker */,
				08E448052BF23AD900F1E6F7 /* TripTrackerTests */,
				082BDBBF2BF03D10006D1B58 /* Products */,
			);
			sourceTree = "<group>";
		};
		082BDBBF2BF03D10006D1B58 /* Products */ = {
			isa = PBXGroup;
			children = (
				082BDBBE2BF03D10006D1B58 /* TripTracker.app */,
				08E448042BF23AD900F1E6F7 /* TripTrackerTests.xctest */,
			);
			name = Products;
			sourceTree = "<group>";
		};
		082BDBC02BF03D10006D1B58 /* TripTracker */ = {
			isa = PBXGroup;
			children = (
				082BDBCF2BF03D11006D1B58 /* Info.plist */,
				082BDBC12BF03D10006D1B58 /* AppDelegate.swift */,
				082BDBC32BF03D10006D1B58 /* SceneDelegate.swift */,
				082BDBF12BF03DB8006D1B58 /* Assets */,
				082BDBF82BF03DE2006D1B58 /* Core */,
				082BDC232BF04738006D1B58 /* Data */,
				0817E7D22BF122D2007AA78E /* Domain */,
				082BDBCC2BF03D11006D1B58 /* LaunchScreen.storyboard */,
				082BDC032BF03E19006D1B58 /* Presentation */,
			);
			path = TripTracker;
			sourceTree = "<group>";
		};
		082BDBF12BF03DB8006D1B58 /* Assets */ = {
			isa = PBXGroup;
			children = (
				082BDC382BF04BAA006D1B58 /* Colors.xcassets */,
				082BDBCA2BF03D11006D1B58 /* Assets.xcassets */,
				082BDBF52BF03DD1006D1B58 /* Animations */,
				082BDBF22BF03DC0006D1B58 /* Strings */,
			);
			path = Assets;
			sourceTree = "<group>";
		};
		082BDBF22BF03DC0006D1B58 /* Strings */ = {
			isa = PBXGroup;
			children = (
				082BDBF32BF03DCE006D1B58 /* Localizable.strings */,
				082BDC272BF047A7006D1B58 /* StringLocalized.swift */,
			);
			path = Strings;
			sourceTree = "<group>";
		};
		082BDBF52BF03DD1006D1B58 /* Animations */ = {
			isa = PBXGroup;
			children = (
				082BDBF62BF03DDC006D1B58 /* loader.json */,
			);
			path = Animations;
			sourceTree = "<group>";
		};
		082BDBF82BF03DE2006D1B58 /* Core */ = {
			isa = PBXGroup;
			children = (
				082BDBFA2BF03DEC006D1B58 /* Constants */,
				082BDBF92BF03DE7006D1B58 /* Uitls */,
			);
			path = Core;
			sourceTree = "<group>";
		};
		082BDBF92BF03DE7006D1B58 /* Uitls */ = {
			isa = PBXGroup;
			children = (
				082BDC1E2BF04576006D1B58 /* Dependencies */,
				082BDC002BF03E05006D1B58 /* Extensions */,
			);
			path = Uitls;
			sourceTree = "<group>";
		};
		082BDBFA2BF03DEC006D1B58 /* Constants */ = {
			isa = PBXGroup;
			children = (
				082BDBFB2BF03DF4006D1B58 /* Constants.swift */,
			);
			path = Constants;
			sourceTree = "<group>";
		};
		082BDC002BF03E05006D1B58 /* Extensions */ = {
			isa = PBXGroup;
			children = (
				08E447A02BF156DD00F1E6F7 /* Calendar+ext.swift */,
				08E447A22BF1574400F1E6F7 /* Int+ext.swift */,
				0817E7D02BF11E81007AA78E /* String+ext.swift */,
				08E447B72BF19CA100F1E6F7 /* UIButton+ext.swift */,
				08E447C12BF1B09300F1E6F7 /* UIImage+ext.swift */,
				08E447A92BF191D400F1E6F7 /* UILabel+ext.swift */,
				08E4479E2BF1531C00F1E6F7 /* UITableView+ext.swift */,
				08E447AB2BF1938700F1E6F7 /* UITextField+ext.swift */,
				08E447C72BF1C21A00F1E6F7 /* UITextView+ext.swift */,
				08E447C52BF1C1ED00F1E6F7 /* UIVIew+ext.swift */,
				082BDC012BF03E14006D1B58 /* UIVIewController+Ext.swift */,
				08E447D02BF2086500F1E6F7 /* CGFloat+ext.swift */,
				08E447D22BF2088000F1E6F7 /* Double+ext.swift */,
				08E447D72BF20DF800F1E6F7 /* Date+Ext.swift */,
			);
			path = Extensions;
			sourceTree = "<group>";
		};
		082BDC032BF03E19006D1B58 /* Presentation */ = {
			isa = PBXGroup;
			children = (
				082BDC0A2BF03E39006D1B58 /* Scenes */,
				082BDC042BF03E1F006D1B58 /* Components */,
			);
			path = Presentation;
			sourceTree = "<group>";
		};
		082BDC042BF03E1F006D1B58 /* Components */ = {
			isa = PBXGroup;
			children = (
				08E447AD2BF1946200F1E6F7 /* Comment */,
				082BDC332BF04AC5006D1B58 /* Post */,
				082BDC052BF03E25006D1B58 /* Loader */,
			);
			path = Components;
			sourceTree = "<group>";
		};
		082BDC052BF03E25006D1B58 /* Loader */ = {
			isa = PBXGroup;
			children = (
				082BDC062BF03E35006D1B58 /* LoaderViewController.swift */,
				082BDC072BF03E35006D1B58 /* LoaderViewController.xib */,
			);
			path = Loader;
			sourceTree = "<group>";
		};
		082BDC0A2BF03E39006D1B58 /* Scenes */ = {
			isa = PBXGroup;
			children = (
				08E447B22BF19A4B00F1E6F7 /* NewPost */,
				08E447A42BF1911A00F1E6F7 /* Comments */,
				08E4479B2BF151E800F1E6F7 /* Favorites */,
				082BDC0B2BF03E3D006D1B58 /* Main */,
			);
			path = Scenes;
			sourceTree = "<group>";
		};
		082BDC0B2BF03E3D006D1B58 /* Main */ = {
			isa = PBXGroup;
			children = (
				08E447CB2BF1D9E100F1E6F7 /* PostsConfigurator.swift */,
				082BDC0C2BF03E49006D1B58 /* PostsViewController.swift */,
				08E447C92BF1D73C00F1E6F7 /* PostsViewModel.swift */,
				082BDBC72BF03D10006D1B58 /* Main.storyboard */,
			);
			path = Main;
			sourceTree = "<group>";
		};
		082BDC1E2BF04576006D1B58 /* Dependencies */ = {
			isa = PBXGroup;
			children = (
				082BDC1F2BF0458C006D1B58 /* ModuleManager.swift */,
				082BDC212BF045A3006D1B58 /* ToolsDependency.swift */,
				08E447B92BF19F1100F1E6F7 /* PostDependency.swift */,
			);
			path = Dependencies;
			sourceTree = "<group>";
		};
		082BDC232BF04738006D1B58 /* Data */ = {
			isa = PBXGroup;
			children = (
				0817E7DD2BF13F2A007AA78E /* Requests */,
				0817E7DA2BF13EC0007AA78E /* Gateways */,
				0817E7CA2BF11DA2007AA78E /* Entities */,
				0817E7CD2BF11E3A007AA78E /* Models */,
				082BDC242BF04744006D1B58 /* Network */,
				0817E7C72BF05B59007AA78E /* StorageContext */,
			);
			path = Data;
			sourceTree = "<group>";
		};
		082BDC242BF04744006D1B58 /* Network */ = {
			isa = PBXGroup;
			children = (
				082BDC2B2BF047F4006D1B58 /* ApiClient.swift */,
				082BDC252BF04771006D1B58 /* ApiError.swift */,
				082BDC2D2BF0480C006D1B58 /* ApiRequestProtocol.swift */,
				082BDC292BF047DB006D1B58 /* ApiResponseProtocol.swift */,
				082BDC312BF0484F006D1B58 /* ApiResult.swift */,
				082BDC2F2BF04826006D1B58 /* RequestManager.swift */,
			);
			path = Network;
			sourceTree = "<group>";
		};
		082BDC332BF04AC5006D1B58 /* Post */ = {
			isa = PBXGroup;
			children = (
				082BDC342BF04AD6006D1B58 /* PostTableViewCell.swift */,
				082BDC352BF04AD6006D1B58 /* PostTableViewCell.xib */,
			);
			path = Post;
			sourceTree = "<group>";
		};
		08E4479B2BF151E800F1E6F7 /* Favorites */ = {
			isa = PBXGroup;
			children = (
				08E4479C2BF151F900F1E6F7 /* FavoritesViewController.swift */,
				08E447E82BF21FD000F1E6F7 /* FavoritesViewModel.swift */,
				08E447EA2BF223C600F1E6F7 /* FavoritesConfigurator.swift */,
			);
			path = Favorites;
			sourceTree = "<group>";
		};
		08E447A42BF1911A00F1E6F7 /* Comments */ = {
			isa = PBXGroup;
			children = (
				08E447DD2BF2162300F1E6F7 /* CommentsConfigurator.swift */,
				08E447A52BF1912A00F1E6F7 /* CommentsViewController.swift */,
				08E447DB2BF213D200F1E6F7 /* CommentsViewModel.swift */,
				08E447A62BF1912A00F1E6F7 /* CommentsViewController.xib */,
			);
			path = Comments;
			sourceTree = "<group>";
		};
		08E447AD2BF1946200F1E6F7 /* Comment */ = {
			isa = PBXGroup;
			children = (
				08E447AE2BF1947300F1E6F7 /* CommentTableViewCell.swift */,
				08E447AF2BF1947300F1E6F7 /* CommentTableViewCell.xib */,
			);
			path = Comment;
			sourceTree = "<group>";
		};
		08E447B22BF19A4B00F1E6F7 /* NewPost */ = {
			isa = PBXGroup;
			children = (
				08E447C32BF1B15600F1E6F7 /* NewPostConfigurator.swift */,
				08E447B32BF19A5D00F1E6F7 /* NewPostViewController.swift */,
				08E447BD2BF1A50E00F1E6F7 /* NewPostViewModel.swift */,
				08E447B42BF19A5D00F1E6F7 /* NewPostViewController.xib */,
			);
			path = NewPost;
			sourceTree = "<group>";
		};
		08E448052BF23AD900F1E6F7 /* TripTrackerTests */ = {
			isa = PBXGroup;
			children = (
				08E448062BF23AD900F1E6F7 /* TripTrackerTests.swift */,
				08E448192BF23FEB00F1E6F7 /* TripTrackerBaseTest.swift */,
			);
			path = TripTrackerTests;
			sourceTree = "<group>";
		};
/* End PBXGroup section */

/* Begin PBXNativeTarget section */
		082BDBBD2BF03D10006D1B58 /* TripTracker */ = {
			isa = PBXNativeTarget;
			buildConfigurationList = 082BDBE82BF03D11006D1B58 /* Build configuration list for PBXNativeTarget "TripTracker" */;
			buildPhases = (
				082BDBBA2BF03D10006D1B58 /* Sources */,
				082BDBBB2BF03D10006D1B58 /* Frameworks */,
				082BDBBC2BF03D10006D1B58 /* Resources */,
				08E448132BF23DCD00F1E6F7 /* Embed Frameworks */,
			);
			buildRules = (
			);
			dependencies = (
			);
			name = TripTracker;
			packageProductDependencies = (
				082BDC112BF03F1E006D1B58 /* Lottie */,
				082BDC142BF03F29006D1B58 /* Swinject */,
				08E447CE2BF1F99400F1E6F7 /* SDWebImage */,
				08E447E02BF218B900F1E6F7 /* IQKeyboardManagerSwift */,
				08E448172BF23F5C00F1E6F7 /* RealmSwift */,
			);
			productName = TripTracker;
			productReference = 082BDBBE2BF03D10006D1B58 /* TripTracker.app */;
			productType = "com.apple.product-type.application";
		};
		08E448032BF23AD900F1E6F7 /* TripTrackerTests */ = {
			isa = PBXNativeTarget;
			buildConfigurationList = 08E4480A2BF23AD900F1E6F7 /* Build configuration list for PBXNativeTarget "TripTrackerTests" */;
			buildPhases = (
				08E448002BF23AD900F1E6F7 /* Sources */,
				08E448012BF23AD900F1E6F7 /* Frameworks */,
				08E448022BF23AD900F1E6F7 /* Resources */,
			);
			buildRules = (
			);
			dependencies = (
				08E448092BF23AD900F1E6F7 /* PBXTargetDependency */,
			);
			name = TripTrackerTests;
			packageProductDependencies = (
				08E448152BF23F3C00F1E6F7 /* RealmSwift */,
			);
			productName = TripTrackerTests;
			productReference = 08E448042BF23AD900F1E6F7 /* TripTrackerTests.xctest */;
			productType = "com.apple.product-type.bundle.unit-test";
		};
/* End PBXNativeTarget section */

/* Begin PBXProject section */
		082BDBB62BF03D10006D1B58 /* Project object */ = {
			isa = PBXProject;
			attributes = {
				BuildIndependentTargetsInParallel = 1;
				LastSwiftUpdateCheck = 1520;
				LastUpgradeCheck = 1520;
				TargetAttributes = {
					082BDBBD2BF03D10006D1B58 = {
						CreatedOnToolsVersion = 15.2;
					};
					08E448032BF23AD900F1E6F7 = {
						CreatedOnToolsVersion = 15.2;
						TestTargetID = 082BDBBD2BF03D10006D1B58;
					};
				};
			};
			buildConfigurationList = 082BDBB92BF03D10006D1B58 /* Build configuration list for PBXProject "TripTracker" */;
			compatibilityVersion = "Xcode 14.0";
			developmentRegion = en;
			hasScannedForEncodings = 0;
			knownRegions = (
				en,
				Base,
			);
			mainGroup = 082BDBB52BF03D10006D1B58;
			packageReferences = (
				082BDC102BF03F1E006D1B58 /* XCRemoteSwiftPackageReference "lottie-spm" */,
				082BDC132BF03F29006D1B58 /* XCRemoteSwiftPackageReference "Swinject" */,
				082BDC192BF03F5D006D1B58 /* XCRemoteSwiftPackageReference "SwiftLint" */,
				08E447CD2BF1F99400F1E6F7 /* XCRemoteSwiftPackageReference "SDWebImage" */,
				08E447DF2BF218B900F1E6F7 /* XCRemoteSwiftPackageReference "IQKeyboardManager" */,
				08E448142BF23E7F00F1E6F7 /* XCRemoteSwiftPackageReference "realm-swift" */,
			);
			productRefGroup = 082BDBBF2BF03D10006D1B58 /* Products */;
			projectDirPath = "";
			projectRoot = "";
			targets = (
				082BDBBD2BF03D10006D1B58 /* TripTracker */,
				08E448032BF23AD900F1E6F7 /* TripTrackerTests */,
			);
		};
/* End PBXProject section */

/* Begin PBXResourcesBuildPhase section */
		082BDBBC2BF03D10006D1B58 /* Resources */ = {
			isa = PBXResourcesBuildPhase;
			buildActionMask = 2147483647;
			files = (
				082BDBCE2BF03D11006D1B58 /* LaunchScreen.storyboard in Resources */,
				08E447B62BF19A5D00F1E6F7 /* NewPostViewController.xib in Resources */,
				082BDC092BF03E35006D1B58 /* LoaderViewController.xib in Resources */,
				08E447A82BF1912A00F1E6F7 /* CommentsViewController.xib in Resources */,
				082BDBF42BF03DCE006D1B58 /* Localizable.strings in Resources */,
				082BDBCB2BF03D11006D1B58 /* Assets.xcassets in Resources */,
				082BDC372BF04AD6006D1B58 /* PostTableViewCell.xib in Resources */,
				082BDC392BF04BAA006D1B58 /* Colors.xcassets in Resources */,
				082BDBC92BF03D10006D1B58 /* Main.storyboard in Resources */,
				082BDBF72BF03DDC006D1B58 /* loader.json in Resources */,
				08E447B12BF1947300F1E6F7 /* CommentTableViewCell.xib in Resources */,
			);
			runOnlyForDeploymentPostprocessing = 0;
		};
		08E448022BF23AD900F1E6F7 /* Resources */ = {
			isa = PBXResourcesBuildPhase;
			buildActionMask = 2147483647;
			files = (
			);
			runOnlyForDeploymentPostprocessing = 0;
		};
/* End PBXResourcesBuildPhase section */

/* Begin PBXSourcesBuildPhase section */
		082BDBBA2BF03D10006D1B58 /* Sources */ = {
			isa = PBXSourcesBuildPhase;
			buildActionMask = 2147483647;
			files = (
				082BDC222BF045A3006D1B58 /* ToolsDependency.swift in Sources */,
				0817E7E42BF14BFD007AA78E /* PostUseCase.swift in Sources */,
				08E447CC2BF1D9E100F1E6F7 /* PostsConfigurator.swift in Sources */,
				082BDC0D2BF03E49006D1B58 /* PostsViewController.swift in Sources */,
				082BDBC22BF03D10006D1B58 /* AppDelegate.swift in Sources */,
				082BDC202BF0458C006D1B58 /* ModuleManager.swift in Sources */,
				08E447B52BF19A5D00F1E6F7 /* NewPostViewController.swift in Sources */,
				082BDC2E2BF0480C006D1B58 /* ApiRequestProtocol.swift in Sources */,
				082BDBC42BF03D10006D1B58 /* SceneDelegate.swift in Sources */,
				08E447D82BF20DF800F1E6F7 /* Date+Ext.swift in Sources */,
				08E447BA2BF19F1200F1E6F7 /* PostDependency.swift in Sources */,
				08E447C42BF1B15600F1E6F7 /* NewPostConfigurator.swift in Sources */,
				08E447A12BF156DD00F1E6F7 /* Calendar+ext.swift in Sources */,
				08E447DA2BF211C100F1E6F7 /* AddNewCommentRequest.swift in Sources */,
				082BDC262BF04771006D1B58 /* ApiError.swift in Sources */,
				08E447C02BF1AA8700F1E6F7 /* MakePostResponse.swift in Sources */,
				08E447AC2BF1938700F1E6F7 /* UITextField+ext.swift in Sources */,
				0817E7E12BF1456E007AA78E /* FavoritePostModel.swift in Sources */,
				08E447E92BF21FD000F1E6F7 /* FavoritesViewModel.swift in Sources */,
				08E447BE2BF1A50E00F1E6F7 /* NewPostViewModel.swift in Sources */,
				08E447D32BF2088000F1E6F7 /* Double+ext.swift in Sources */,
				0817E7D92BF1287E007AA78E /* MakeComment.swift in Sources */,
				082BDC282BF047A7006D1B58 /* StringLocalized.swift in Sources */,
				0817E7C92BF05B6A007AA78E /* StorageContext.swift in Sources */,
				0817E7D72BF125AA007AA78E /* MakePost.swift in Sources */,
				08E447C62BF1C1ED00F1E6F7 /* UIVIew+ext.swift in Sources */,
				082BDC082BF03E35006D1B58 /* LoaderViewController.swift in Sources */,
				082BDC022BF03E14006D1B58 /* UIVIewController+Ext.swift in Sources */,
				08E447D12BF2086500F1E6F7 /* CGFloat+ext.swift in Sources */,
				08E447C22BF1B09300F1E6F7 /* UIImage+ext.swift in Sources */,
				08E447E72BF21C7900F1E6F7 /* CommentIdentity.swift in Sources */,
				082BDC2A2BF047DB006D1B58 /* ApiResponseProtocol.swift in Sources */,
				082BDC362BF04AD6006D1B58 /* PostTableViewCell.swift in Sources */,
				08E447C82BF1C21A00F1E6F7 /* UITextView+ext.swift in Sources */,
				082BDC302BF04826006D1B58 /* RequestManager.swift in Sources */,
				08E447E32BF21AEA00F1E6F7 /* AddLikeToComment.swift in Sources */,
				08E447DE2BF2162300F1E6F7 /* CommentsConfigurator.swift in Sources */,
				0817E7CF2BF11E48007AA78E /* PostModel.swift in Sources */,
				0817E7DC2BF13EEE007AA78E /* PostApiGateway.swift in Sources */,
				0817E7D12BF11E81007AA78E /* String+ext.swift in Sources */,
				08E447EB2BF223C600F1E6F7 /* FavoritesConfigurator.swift in Sources */,
				08E447DC2BF213D200F1E6F7 /* CommentsViewModel.swift in Sources */,
				08E4479F2BF1531C00F1E6F7 /* UITableView+ext.swift in Sources */,
				08E447A32BF1574400F1E6F7 /* Int+ext.swift in Sources */,
				08E447E52BF21B1900F1E6F7 /* AddLikeToCommentRequest.swift in Sources */,
				0817E7D52BF122E2007AA78E /* PostDTO.swift in Sources */,
				08E4479D2BF151F900F1E6F7 /* FavoritesViewController.swift in Sources */,
				082BDC322BF0484F006D1B58 /* ApiResult.swift in Sources */,
				0817E7CC2BF11DB2007AA78E /* Post.swift in Sources */,
				08E447BC2BF1A2D500F1E6F7 /* AddNewPostRequest.swift in Sources */,
				08E447AA2BF191D400F1E6F7 /* UILabel+ext.swift in Sources */,
				08E447A72BF1912A00F1E6F7 /* CommentsViewController.swift in Sources */,
				08E447CA2BF1D73C00F1E6F7 /* PostsViewModel.swift in Sources */,
				082BDBFC2BF03DF4006D1B58 /* Constants.swift in Sources */,
				08E447B02BF1947300F1E6F7 /* CommentTableViewCell.swift in Sources */,
				082BDC2C2BF047F4006D1B58 /* ApiClient.swift in Sources */,
				08E447B82BF19CA100F1E6F7 /* UIButton+ext.swift in Sources */,
				0817E7DF2BF13F3B007AA78E /* FetchPostsRequest.swift in Sources */,
			);
			runOnlyForDeploymentPostprocessing = 0;
		};
		08E448002BF23AD900F1E6F7 /* Sources */ = {
			isa = PBXSourcesBuildPhase;
			buildActionMask = 2147483647;
			files = (
				08E4481A2BF23FEB00F1E6F7 /* TripTrackerBaseTest.swift in Sources */,
				08E448072BF23AD900F1E6F7 /* TripTrackerTests.swift in Sources */,
			);
			runOnlyForDeploymentPostprocessing = 0;
		};
/* End PBXSourcesBuildPhase section */

/* Begin PBXTargetDependency section */
		08E448092BF23AD900F1E6F7 /* PBXTargetDependency */ = {
			isa = PBXTargetDependency;
			target = 082BDBBD2BF03D10006D1B58 /* TripTracker */;
			targetProxy = 08E448082BF23AD900F1E6F7 /* PBXContainerItemProxy */;
		};
/* End PBXTargetDependency section */

/* Begin PBXVariantGroup section */
		082BDBC72BF03D10006D1B58 /* Main.storyboard */ = {
			isa = PBXVariantGroup;
			children = (
				082BDBC82BF03D10006D1B58 /* Base */,
			);
			name = Main.storyboard;
			sourceTree = "<group>";
		};
		082BDBCC2BF03D11006D1B58 /* LaunchScreen.storyboard */ = {
			isa = PBXVariantGroup;
			children = (
				082BDBCD2BF03D11006D1B58 /* Base */,
			);
			name = LaunchScreen.storyboard;
			sourceTree = "<group>";
		};
/* End PBXVariantGroup section */

/* Begin XCBuildConfiguration section */
		082BDBE62BF03D11006D1B58 /* Debug */ = {
			isa = XCBuildConfiguration;
			buildSettings = {
				ALWAYS_SEARCH_USER_PATHS = NO;
				ASSETCATALOG_COMPILER_GENERATE_SWIFT_ASSET_SYMBOL_EXTENSIONS = YES;
				CLANG_ANALYZER_NONNULL = YES;
				CLANG_ANALYZER_NUMBER_OBJECT_CONVERSION = YES_AGGRESSIVE;
				CLANG_CXX_LANGUAGE_STANDARD = "gnu++20";
				CLANG_ENABLE_MODULES = YES;
				CLANG_ENABLE_OBJC_ARC = YES;
				CLANG_ENABLE_OBJC_WEAK = YES;
				CLANG_WARN_BLOCK_CAPTURE_AUTORELEASING = YES;
				CLANG_WARN_BOOL_CONVERSION = YES;
				CLANG_WARN_COMMA = YES;
				CLANG_WARN_CONSTANT_CONVERSION = YES;
				CLANG_WARN_DEPRECATED_OBJC_IMPLEMENTATIONS = YES;
				CLANG_WARN_DIRECT_OBJC_ISA_USAGE = YES_ERROR;
				CLANG_WARN_DOCUMENTATION_COMMENTS = YES;
				CLANG_WARN_EMPTY_BODY = YES;
				CLANG_WARN_ENUM_CONVERSION = YES;
				CLANG_WARN_INFINITE_RECURSION = YES;
				CLANG_WARN_INT_CONVERSION = YES;
				CLANG_WARN_NON_LITERAL_NULL_CONVERSION = YES;
				CLANG_WARN_OBJC_IMPLICIT_RETAIN_SELF = YES;
				CLANG_WARN_OBJC_LITERAL_CONVERSION = YES;
				CLANG_WARN_OBJC_ROOT_CLASS = YES_ERROR;
				CLANG_WARN_QUOTED_INCLUDE_IN_FRAMEWORK_HEADER = YES;
				CLANG_WARN_RANGE_LOOP_ANALYSIS = YES;
				CLANG_WARN_STRICT_PROTOTYPES = YES;
				CLANG_WARN_SUSPICIOUS_MOVE = YES;
				CLANG_WARN_UNGUARDED_AVAILABILITY = YES_AGGRESSIVE;
				CLANG_WARN_UNREACHABLE_CODE = YES;
				CLANG_WARN__DUPLICATE_METHOD_MATCH = YES;
				COPY_PHASE_STRIP = NO;
				DEBUG_INFORMATION_FORMAT = dwarf;
				ENABLE_STRICT_OBJC_MSGSEND = YES;
				ENABLE_TESTABILITY = YES;
				ENABLE_USER_SCRIPT_SANDBOXING = YES;
				GCC_C_LANGUAGE_STANDARD = gnu17;
				GCC_DYNAMIC_NO_PIC = NO;
				GCC_NO_COMMON_BLOCKS = YES;
				GCC_OPTIMIZATION_LEVEL = 0;
				GCC_PREPROCESSOR_DEFINITIONS = (
					"DEBUG=1",
					"$(inherited)",
				);
				GCC_WARN_64_TO_32_BIT_CONVERSION = YES;
				GCC_WARN_ABOUT_RETURN_TYPE = YES_ERROR;
				GCC_WARN_UNDECLARED_SELECTOR = YES;
				GCC_WARN_UNINITIALIZED_AUTOS = YES_AGGRESSIVE;
				GCC_WARN_UNUSED_FUNCTION = YES;
				GCC_WARN_UNUSED_VARIABLE = YES;
				IPHONEOS_DEPLOYMENT_TARGET = 17.2;
				LOCALIZATION_PREFERS_STRING_CATALOGS = YES;
				MTL_ENABLE_DEBUG_INFO = INCLUDE_SOURCE;
				MTL_FAST_MATH = YES;
				ONLY_ACTIVE_ARCH = YES;
				SDKROOT = iphoneos;
				SWIFT_ACTIVE_COMPILATION_CONDITIONS = "DEBUG $(inherited)";
				SWIFT_OPTIMIZATION_LEVEL = "-Onone";
			};
			name = Debug;
		};
		082BDBE72BF03D11006D1B58 /* Release */ = {
			isa = XCBuildConfiguration;
			buildSettings = {
				ALWAYS_SEARCH_USER_PATHS = NO;
				ASSETCATALOG_COMPILER_GENERATE_SWIFT_ASSET_SYMBOL_EXTENSIONS = YES;
				CLANG_ANALYZER_NONNULL = YES;
				CLANG_ANALYZER_NUMBER_OBJECT_CONVERSION = YES_AGGRESSIVE;
				CLANG_CXX_LANGUAGE_STANDARD = "gnu++20";
				CLANG_ENABLE_MODULES = YES;
				CLANG_ENABLE_OBJC_ARC = YES;
				CLANG_ENABLE_OBJC_WEAK = YES;
				CLANG_WARN_BLOCK_CAPTURE_AUTORELEASING = YES;
				CLANG_WARN_BOOL_CONVERSION = YES;
				CLANG_WARN_COMMA = YES;
				CLANG_WARN_CONSTANT_CONVERSION = YES;
				CLANG_WARN_DEPRECATED_OBJC_IMPLEMENTATIONS = YES;
				CLANG_WARN_DIRECT_OBJC_ISA_USAGE = YES_ERROR;
				CLANG_WARN_DOCUMENTATION_COMMENTS = YES;
				CLANG_WARN_EMPTY_BODY = YES;
				CLANG_WARN_ENUM_CONVERSION = YES;
				CLANG_WARN_INFINITE_RECURSION = YES;
				CLANG_WARN_INT_CONVERSION = YES;
				CLANG_WARN_NON_LITERAL_NULL_CONVERSION = YES;
				CLANG_WARN_OBJC_IMPLICIT_RETAIN_SELF = YES;
				CLANG_WARN_OBJC_LITERAL_CONVERSION = YES;
				CLANG_WARN_OBJC_ROOT_CLASS = YES_ERROR;
				CLANG_WARN_QUOTED_INCLUDE_IN_FRAMEWORK_HEADER = YES;
				CLANG_WARN_RANGE_LOOP_ANALYSIS = YES;
				CLANG_WARN_STRICT_PROTOTYPES = YES;
				CLANG_WARN_SUSPICIOUS_MOVE = YES;
				CLANG_WARN_UNGUARDED_AVAILABILITY = YES_AGGRESSIVE;
				CLANG_WARN_UNREACHABLE_CODE = YES;
				CLANG_WARN__DUPLICATE_METHOD_MATCH = YES;
				COPY_PHASE_STRIP = NO;
				DEBUG_INFORMATION_FORMAT = "dwarf-with-dsym";
				ENABLE_NS_ASSERTIONS = NO;
				ENABLE_STRICT_OBJC_MSGSEND = YES;
				ENABLE_USER_SCRIPT_SANDBOXING = YES;
				GCC_C_LANGUAGE_STANDARD = gnu17;
				GCC_NO_COMMON_BLOCKS = YES;
				GCC_WARN_64_TO_32_BIT_CONVERSION = YES;
				GCC_WARN_ABOUT_RETURN_TYPE = YES_ERROR;
				GCC_WARN_UNDECLARED_SELECTOR = YES;
				GCC_WARN_UNINITIALIZED_AUTOS = YES_AGGRESSIVE;
				GCC_WARN_UNUSED_FUNCTION = YES;
				GCC_WARN_UNUSED_VARIABLE = YES;
				IPHONEOS_DEPLOYMENT_TARGET = 17.2;
				LOCALIZATION_PREFERS_STRING_CATALOGS = YES;
				MTL_ENABLE_DEBUG_INFO = NO;
				MTL_FAST_MATH = YES;
				SDKROOT = iphoneos;
				SWIFT_COMPILATION_MODE = wholemodule;
				VALIDATE_PRODUCT = YES;
			};
			name = Release;
		};
		082BDBE92BF03D11006D1B58 /* Debug */ = {
			isa = XCBuildConfiguration;
			buildSettings = {
				ASSETCATALOG_COMPILER_APPICON_NAME = AppIcon;
				ASSETCATALOG_COMPILER_GLOBAL_ACCENT_COLOR_NAME = AccentColor;
				CODE_SIGN_STYLE = Automatic;
				CURRENT_PROJECT_VERSION = 1;
				DEVELOPMENT_TEAM = JDT5SYQKPJ;
				GENERATE_INFOPLIST_FILE = YES;
				INFOPLIST_FILE = TripTracker/Info.plist;
				INFOPLIST_KEY_UIApplicationSupportsIndirectInputEvents = YES;
				INFOPLIST_KEY_UILaunchStoryboardName = LaunchScreen;
				INFOPLIST_KEY_UIMainStoryboardFile = Main;
				INFOPLIST_KEY_UISupportedInterfaceOrientations_iPad = "UIInterfaceOrientationPortrait UIInterfaceOrientationPortraitUpsideDown UIInterfaceOrientationLandscapeLeft UIInterfaceOrientationLandscapeRight";
				INFOPLIST_KEY_UISupportedInterfaceOrientations_iPhone = "UIInterfaceOrientationPortrait UIInterfaceOrientationLandscapeLeft UIInterfaceOrientationLandscapeRight";
				LD_RUNPATH_SEARCH_PATHS = (
					"$(inherited)",
					"@executable_path/Frameworks",
				);
				MARKETING_VERSION = 1.0;
				PRODUCT_BUNDLE_IDENTIFIER = com.challengue.TripTracker;
				PRODUCT_NAME = "$(TARGET_NAME)";
				SWIFT_EMIT_LOC_STRINGS = YES;
				SWIFT_VERSION = 5.0;
				TARGETED_DEVICE_FAMILY = "1,2";
			};
			name = Debug;
		};
		082BDBEA2BF03D11006D1B58 /* Release */ = {
			isa = XCBuildConfiguration;
			buildSettings = {
				ASSETCATALOG_COMPILER_APPICON_NAME = AppIcon;
				ASSETCATALOG_COMPILER_GLOBAL_ACCENT_COLOR_NAME = AccentColor;
				CODE_SIGN_STYLE = Automatic;
				CURRENT_PROJECT_VERSION = 1;
				DEVELOPMENT_TEAM = JDT5SYQKPJ;
				GENERATE_INFOPLIST_FILE = YES;
				INFOPLIST_FILE = TripTracker/Info.plist;
				INFOPLIST_KEY_UIApplicationSupportsIndirectInputEvents = YES;
				INFOPLIST_KEY_UILaunchStoryboardName = LaunchScreen;
				INFOPLIST_KEY_UIMainStoryboardFile = Main;
				INFOPLIST_KEY_UISupportedInterfaceOrientations_iPad = "UIInterfaceOrientationPortrait UIInterfaceOrientationPortraitUpsideDown UIInterfaceOrientationLandscapeLeft UIInterfaceOrientationLandscapeRight";
				INFOPLIST_KEY_UISupportedInterfaceOrientations_iPhone = "UIInterfaceOrientationPortrait UIInterfaceOrientationLandscapeLeft UIInterfaceOrientationLandscapeRight";
				LD_RUNPATH_SEARCH_PATHS = (
					"$(inherited)",
					"@executable_path/Frameworks",
				);
				MARKETING_VERSION = 1.0;
				PRODUCT_BUNDLE_IDENTIFIER = com.challengue.TripTracker;
				PRODUCT_NAME = "$(TARGET_NAME)";
				SWIFT_EMIT_LOC_STRINGS = YES;
				SWIFT_VERSION = 5.0;
				TARGETED_DEVICE_FAMILY = "1,2";
			};
			name = Release;
		};
		08E4480B2BF23AD900F1E6F7 /* Debug */ = {
			isa = XCBuildConfiguration;
			buildSettings = {
				BUNDLE_LOADER = "$(TEST_HOST)";
				CODE_SIGN_STYLE = Automatic;
				CURRENT_PROJECT_VERSION = 1;
				DEVELOPMENT_TEAM = JDT5SYQKPJ;
				GENERATE_INFOPLIST_FILE = YES;
				MARKETING_VERSION = 1.0;
				PRODUCT_BUNDLE_IDENTIFIER = com.challengue.TripTrackerTests;
				PRODUCT_NAME = "$(TARGET_NAME)";
				SWIFT_EMIT_LOC_STRINGS = NO;
				SWIFT_VERSION = 5.0;
				TARGETED_DEVICE_FAMILY = "1,2";
				TEST_HOST = "$(BUILT_PRODUCTS_DIR)/TripTracker.app/$(BUNDLE_EXECUTABLE_FOLDER_PATH)/TripTracker";
			};
			name = Debug;
		};
		08E4480C2BF23AD900F1E6F7 /* Release */ = {
			isa = XCBuildConfiguration;
			buildSettings = {
				BUNDLE_LOADER = "$(TEST_HOST)";
				CODE_SIGN_STYLE = Automatic;
				CURRENT_PROJECT_VERSION = 1;
				DEVELOPMENT_TEAM = JDT5SYQKPJ;
				GENERATE_INFOPLIST_FILE = YES;
				MARKETING_VERSION = 1.0;
				PRODUCT_BUNDLE_IDENTIFIER = com.challengue.TripTrackerTests;
				PRODUCT_NAME = "$(TARGET_NAME)";
				SWIFT_EMIT_LOC_STRINGS = NO;
				SWIFT_VERSION = 5.0;
				TARGETED_DEVICE_FAMILY = "1,2";
				TEST_HOST = "$(BUILT_PRODUCTS_DIR)/TripTracker.app/$(BUNDLE_EXECUTABLE_FOLDER_PATH)/TripTracker";
			};
			name = Release;
		};
/* End XCBuildConfiguration section */

/* Begin XCConfigurationList section */
		082BDBB92BF03D10006D1B58 /* Build configuration list for PBXProject "TripTracker" */ = {
			isa = XCConfigurationList;
			buildConfigurations = (
				082BDBE62BF03D11006D1B58 /* Debug */,
				082BDBE72BF03D11006D1B58 /* Release */,
			);
			defaultConfigurationIsVisible = 0;
			defaultConfigurationName = Release;
		};
		082BDBE82BF03D11006D1B58 /* Build configuration list for PBXNativeTarget "TripTracker" */ = {
			isa = XCConfigurationList;
			buildConfigurations = (
				082BDBE92BF03D11006D1B58 /* Debug */,
				082BDBEA2BF03D11006D1B58 /* Release */,
			);
			defaultConfigurationIsVisible = 0;
			defaultConfigurationName = Release;
		};
		08E4480A2BF23AD900F1E6F7 /* Build configuration list for PBXNativeTarget "TripTrackerTests" */ = {
			isa = XCConfigurationList;
			buildConfigurations = (
				08E4480B2BF23AD900F1E6F7 /* Debug */,
				08E4480C2BF23AD900F1E6F7 /* Release */,
			);
			defaultConfigurationIsVisible = 0;
			defaultConfigurationName = Release;
		};
/* End XCConfigurationList section */

/* Begin XCRemoteSwiftPackageReference section */
		082BDC102BF03F1E006D1B58 /* XCRemoteSwiftPackageReference "lottie-spm" */ = {
			isa = XCRemoteSwiftPackageReference;
			repositoryURL = "https://github.com/airbnb/lottie-spm.git";
			requirement = {
				kind = upToNextMajorVersion;
				minimumVersion = 4.4.3;
			};
		};
		082BDC132BF03F29006D1B58 /* XCRemoteSwiftPackageReference "Swinject" */ = {
			isa = XCRemoteSwiftPackageReference;
			repositoryURL = "https://github.com/Swinject/Swinject.git";
			requirement = {
				kind = upToNextMajorVersion;
				minimumVersion = 2.8.8;
			};
		};
		082BDC192BF03F5D006D1B58 /* XCRemoteSwiftPackageReference "SwiftLint" */ = {
			isa = XCRemoteSwiftPackageReference;
			repositoryURL = "https://github.com/realm/SwiftLint.git";
			requirement = {
				kind = upToNextMajorVersion;
				minimumVersion = 0.55.0;
			};
		};
		08E447CD2BF1F99400F1E6F7 /* XCRemoteSwiftPackageReference "SDWebImage" */ = {
			isa = XCRemoteSwiftPackageReference;
			repositoryURL = "https://github.com/SDWebImage/SDWebImage.git";
			requirement = {
				kind = upToNextMajorVersion;
				minimumVersion = 5.19.2;
			};
		};
		08E447DF2BF218B900F1E6F7 /* XCRemoteSwiftPackageReference "IQKeyboardManager" */ = {
			isa = XCRemoteSwiftPackageReference;
			repositoryURL = "https://github.com/hackiftekhar/IQKeyboardManager.git";
			requirement = {
				kind = upToNextMajorVersion;
				minimumVersion = 7.0.3;
			};
		};
		08E448142BF23E7F00F1E6F7 /* XCRemoteSwiftPackageReference "realm-swift" */ = {
			isa = XCRemoteSwiftPackageReference;
			repositoryURL = "https://github.com/realm/realm-swift.git";
			requirement = {
				kind = upToNextMajorVersion;
				minimumVersion = 10.50.0;
			};
		};
/* End XCRemoteSwiftPackageReference section */

/* Begin XCSwiftPackageProductDependency section */
		082BDC112BF03F1E006D1B58 /* Lottie */ = {
			isa = XCSwiftPackageProductDependency;
			package = 082BDC102BF03F1E006D1B58 /* XCRemoteSwiftPackageReference "lottie-spm" */;
			productName = Lottie;
		};
		082BDC142BF03F29006D1B58 /* Swinject */ = {
			isa = XCSwiftPackageProductDependency;
			package = 082BDC132BF03F29006D1B58 /* XCRemoteSwiftPackageReference "Swinject" */;
			productName = Swinject;
		};
		08E447CE2BF1F99400F1E6F7 /* SDWebImage */ = {
			isa = XCSwiftPackageProductDependency;
			package = 08E447CD2BF1F99400F1E6F7 /* XCRemoteSwiftPackageReference "SDWebImage" */;
			productName = SDWebImage;
		};
		08E447E02BF218B900F1E6F7 /* IQKeyboardManagerSwift */ = {
			isa = XCSwiftPackageProductDependency;
			package = 08E447DF2BF218B900F1E6F7 /* XCRemoteSwiftPackageReference "IQKeyboardManager" */;
			productName = IQKeyboardManagerSwift;
		};
		08E448152BF23F3C00F1E6F7 /* RealmSwift */ = {
			isa = XCSwiftPackageProductDependency;
			package = 08E448142BF23E7F00F1E6F7 /* XCRemoteSwiftPackageReference "realm-swift" */;
			productName = RealmSwift;
		};
		08E448172BF23F5C00F1E6F7 /* RealmSwift */ = {
			isa = XCSwiftPackageProductDependency;
			package = 08E448142BF23E7F00F1E6F7 /* XCRemoteSwiftPackageReference "realm-swift" */;
			productName = RealmSwift;
		};
/* End XCSwiftPackageProductDependency section */
	};
	rootObject = 082BDBB62BF03D10006D1B58 /* Project object */;
}
